
Microsoft Visual Studio Solution File, Format Version 12.00
# Visual Studio Version 17
VisualStudioVersion = 17.9.34714.143
MinimumVisualStudioVersion = 10.0.40219.1
Project("{9A19103F-16F7-4668-BE54-9A1E7A4F7556}") = "UserManagementApp", "UserManagementApp\UserManagementApp.csproj", "{317A4DA8-4419-4520-AF8A-26347A77B207}"
EndProject
Project("{2150E333-8FDC-42A3-9474-1A3956D46DE8}") = "Data", "Data", "{E283C965-7C4C-4878-980B-61C79ECC78D3}"
EndProject
Project("{2150E333-8FDC-42A3-9474-1A3956D46DE8}") = "Process", "Process", "{C2092C1E-02D5-43C0-B40E-6C11242F47A2}"
EndProject
Project("{2150E333-8FDC-42A3-9474-1A3956D46DE8}") = "UI", "UI", "{3346C341-0714-42AC-8777-1171076B0CC6}"
EndProject
Project("{9A19103F-16F7-4668-BE54-9A1E7A4F7556}") = "UserManagement.Repository", "REpository\UserManagement.Repository.csproj", "{123C8D87-A711-4CC4-92EA-1736981DE291}"
EndProject
Project("{9A19103F-16F7-4668-BE54-9A1E7A4F7556}") = "UserManagement.TableCreation", "UserManagement.TableCreation\UserManagement.TableCreation.csproj", "{2095A313-10AF-4ACD-B9CE-83BE9F7759D0}"
EndProject
Project("{9A19103F-16F7-4668-BE54-9A1E7A4F7556}") = "UserManagementProcess", "UserManagementProcess\UserManagementProcess.csproj", "{00FC365E-F368-42F6-9AC2-3639E7799F55}"
EndProject
Project("{9A19103F-16F7-4668-BE54-9A1E7A4F7556}") = "UserMangementTest", "UserMangementTest\UserMangementTest.csproj", "{F3D7BA6F-4A6C-4FE5-BE34-FFF01404037F}"
EndProject
Project("{9A19103F-16F7-4668-BE54-9A1E7A4F7556}") = "UsersAPI", "UsersAPI\UsersAPI.csproj", "{A496ED1E-6459-4ADB-B416-081009478AB9}"
EndProject
Project("{9A19103F-16F7-4668-BE54-9A1E7A4F7556}") = "RolesAPI", "RolesAPI\RolesAPI.csproj", "{FE3FCD7B-0EA7-484E-9DBF-1BD2D42B24A2}"
EndProject
Project("{9A19103F-16F7-4668-BE54-9A1E7A4F7556}") = "AuthenticationAPI", "AuthenticationAPI\AuthenticationAPI.csproj", "{77017058-A4F9-42BF-BC10-E0C294F828BD}"
EndProject
Project("{FAE04EC0-301F-11D3-BF4B-00C04F79EFBC}") = "AuthorizationLibrary", "AuthorizationLibrary\AuthorizationLibrary.csproj", "{D2A51858-F0E1-4AD2-8899-EB165C519F5C}"
EndProject
Project("{FAE04EC0-301F-11D3-BF4B-00C04F79EFBC}") = "UserRoleManagementFrontend", "UserRoleManagementFrontend\UserRoleManagementFrontend.csproj", "{3FC7831F-3D28-481E-8E68-72B8C52C971C}"
EndProject
Global
	GlobalSection(SolutionConfigurationPlatforms) = preSolution
		Debug|Any CPU = Debug|Any CPU
		Release|Any CPU = Release|Any CPU
	EndGlobalSection
	GlobalSection(ProjectConfigurationPlatforms) = postSolution
		{317A4DA8-4419-4520-AF8A-26347A77B207}.Debug|Any CPU.ActiveCfg = Debug|Any CPU
		{317A4DA8-4419-4520-AF8A-26347A77B207}.Debug|Any CPU.Build.0 = Debug|Any CPU
		{317A4DA8-4419-4520-AF8A-26347A77B207}.Release|Any CPU.ActiveCfg = Release|Any CPU
		{317A4DA8-4419-4520-AF8A-26347A77B207}.Release|Any CPU.Build.0 = Release|Any CPU
		{123C8D87-A711-4CC4-92EA-1736981DE291}.Debug|Any CPU.ActiveCfg = Debug|Any CPU
		{123C8D87-A711-4CC4-92EA-1736981DE291}.Debug|Any CPU.Build.0 = Debug|Any CPU
		{123C8D87-A711-4CC4-92EA-1736981DE291}.Release|Any CPU.ActiveCfg = Release|Any CPU
		{123C8D87-A711-4CC4-92EA-1736981DE291}.Release|Any CPU.Build.0 = Release|Any CPU
		{2095A313-10AF-4ACD-B9CE-83BE9F7759D0}.Debug|Any CPU.ActiveCfg = Debug|Any CPU
		{2095A313-10AF-4ACD-B9CE-83BE9F7759D0}.Debug|Any CPU.Build.0 = Debug|Any CPU
		{2095A313-10AF-4ACD-B9CE-83BE9F7759D0}.Release|Any CPU.ActiveCfg = Release|Any CPU
		{2095A313-10AF-4ACD-B9CE-83BE9F7759D0}.Release|Any CPU.Build.0 = Release|Any CPU
		{00FC365E-F368-42F6-9AC2-3639E7799F55}.Debug|Any CPU.ActiveCfg = Debug|Any CPU
		{00FC365E-F368-42F6-9AC2-3639E7799F55}.Debug|Any CPU.Build.0 = Debug|Any CPU
		{00FC365E-F368-42F6-9AC2-3639E7799F55}.Release|Any CPU.ActiveCfg = Release|Any CPU
		{00FC365E-F368-42F6-9AC2-3639E7799F55}.Release|Any CPU.Build.0 = Release|Any CPU
		{F3D7BA6F-4A6C-4FE5-BE34-FFF01404037F}.Debug|Any CPU.ActiveCfg = Debug|Any CPU
		{F3D7BA6F-4A6C-4FE5-BE34-FFF01404037F}.Debug|Any CPU.Build.0 = Debug|Any CPU
		{F3D7BA6F-4A6C-4FE5-BE34-FFF01404037F}.Release|Any CPU.ActiveCfg = Release|Any CPU
		{F3D7BA6F-4A6C-4FE5-BE34-FFF01404037F}.Release|Any CPU.Build.0 = Release|Any CPU
		{A496ED1E-6459-4ADB-B416-081009478AB9}.Debug|Any CPU.ActiveCfg = Debug|Any CPU
		{A496ED1E-6459-4ADB-B416-081009478AB9}.Debug|Any CPU.Build.0 = Debug|Any CPU
		{A496ED1E-6459-4ADB-B416-081009478AB9}.Release|Any CPU.ActiveCfg = Release|Any CPU
		{A496ED1E-6459-4ADB-B416-081009478AB9}.Release|Any CPU.Build.0 = Release|Any CPU
		{FE3FCD7B-0EA7-484E-9DBF-1BD2D42B24A2}.Debug|Any CPU.ActiveCfg = Debug|Any CPU
		{FE3FCD7B-0EA7-484E-9DBF-1BD2D42B24A2}.Debug|Any CPU.Build.0 = Debug|Any CPU
		{FE3FCD7B-0EA7-484E-9DBF-1BD2D42B24A2}.Release|Any CPU.ActiveCfg = Release|Any CPU
		{FE3FCD7B-0EA7-484E-9DBF-1BD2D42B24A2}.Release|Any CPU.Build.0 = Release|Any CPU
		{77017058-A4F9-42BF-BC10-E0C294F828BD}.Debug|Any CPU.ActiveCfg = Debug|Any CPU
		{77017058-A4F9-42BF-BC10-E0C294F828BD}.Debug|Any CPU.Build.0 = Debug|Any CPU
		{77017058-A4F9-42BF-BC10-E0C294F828BD}.Release|Any CPU.ActiveCfg = Release|Any CPU
		{77017058-A4F9-42BF-BC10-E0C294F828BD}.Release|Any CPU.Build.0 = Release|Any CPU
		{D2A51858-F0E1-4AD2-8899-EB165C519F5C}.Debug|Any CPU.ActiveCfg = Debug|Any CPU
		{D2A51858-F0E1-4AD2-8899-EB165C519F5C}.Debug|Any CPU.Build.0 = Debug|Any CPU
		{D2A51858-F0E1-4AD2-8899-EB165C519F5C}.Release|Any CPU.ActiveCfg = Release|Any CPU
		{D2A51858-F0E1-4AD2-8899-EB165C519F5C}.Release|Any CPU.Build.0 = Release|Any CPU
		{3FC7831F-3D28-481E-8E68-72B8C52C971C}.Debug|Any CPU.ActiveCfg = Debug|Any CPU
		{3FC7831F-3D28-481E-8E68-72B8C52C971C}.Debug|Any CPU.Build.0 = Debug|Any CPU
		{3FC7831F-3D28-481E-8E68-72B8C52C971C}.Release|Any CPU.ActiveCfg = Release|Any CPU
		{3FC7831F-3D28-481E-8E68-72B8C52C971C}.Release|Any CPU.Build.0 = Release|Any CPU
	EndGlobalSection
	GlobalSection(SolutionProperties) = preSolution
		HideSolutionNode = FALSE
	EndGlobalSection
	GlobalSection(NestedProjects) = preSolution
		{317A4DA8-4419-4520-AF8A-26347A77B207} = {3346C341-0714-42AC-8777-1171076B0CC6}
		{123C8D87-A711-4CC4-92EA-1736981DE291} = {E283C965-7C4C-4878-980B-61C79ECC78D3}
		{2095A313-10AF-4ACD-B9CE-83BE9F7759D0} = {E283C965-7C4C-4878-980B-61C79ECC78D3}
		{00FC365E-F368-42F6-9AC2-3639E7799F55} = {C2092C1E-02D5-43C0-B40E-6C11242F47A2}
		{A496ED1E-6459-4ADB-B416-081009478AB9} = {C2092C1E-02D5-43C0-B40E-6C11242F47A2}
		{FE3FCD7B-0EA7-484E-9DBF-1BD2D42B24A2} = {C2092C1E-02D5-43C0-B40E-6C11242F47A2}
		{77017058-A4F9-42BF-BC10-E0C294F828BD} = {C2092C1E-02D5-43C0-B40E-6C11242F47A2}
		{D2A51858-F0E1-4AD2-8899-EB165C519F5C} = {C2092C1E-02D5-43C0-B40E-6C11242F47A2}
		{3FC7831F-3D28-481E-8E68-72B8C52C971C} = {3346C341-0714-42AC-8777-1171076B0CC6}
	EndGlobalSection
	GlobalSection(ExtensibilityGlobals) = postSolution
		SolutionGuid = {BC13ADE5-52F1-4C7A-9B51-A24497FE4556}
	EndGlobalSection
EndGlobal
